{
  "name": "dataguard",
  "version": "1.0.0",
  "lockfileVersion": 1,
  "requires": true,
  "dependencies": {
    "react": {
      "version": "17.0.2",
      "resolved": "https://registry.npmjs.org/react/-/react-17.0.2.tgz",
      "integrity": "sha512-1igvDJb7uIIzRZJYMx1q0XqdUl+31lMu8wReE2/Ktq5ipBdKwEPdWj0/tpw6I2fTzto5dibKmzB7fZzX+g38ew==",
      "dev": true,
      "dependencies": {
        "object-assign": "^4.1.1"
      }
    },
    "react-dom": {
      "version": "17.0.2",
      "resolved": "https://registry.npmjs.org/react-dom/-/react-dom-17.0.2.tgz",
      "integrity": "sha512-ALbCmPqP5yz4Z1/FVf9Vje10mMclj8FfR9k7mN3SjzVgPe90wJ1rBFmpt0xRaNpL6Q18tu2U1Zpwn3yiXwELIw==",
      "dev": true,
      "dependencies": {
        "object-assign": "^4.1.1"
      }
    },
    "react-router-dom": {
      "version": "6.0.2",
      "resolved": "https://registry.npmjs.org/react-router-dom/-/react-router-dom-6.0.2.tgz",
      "integrity": "sha512-/F8nZGQ/mADh1FsqXuT1UT3MoAvOZ5VzHqWmvCgUzQGvKmV8F44+7/Rb5f3OIr6D5pMPon7yyr2gyIa86oy40A==",
      "dev": true,
      "dependencies": {
        "history": "^5.2.0",
        "react-router": "^6.0.2"
      }
    }
  }
}
